{
  "name": "playground",
  "lockfileVersion": 3,
  "requires": true,
  "packages": {
    "": {
      "dependencies": {
        "non-repeating-char": "^1.0.0"
      }
    },
    "node_modules/non-repeating-char": {
      "version": "1.0.0",
      "resolved": "https://registry.npmjs.org/non-repeating-char/-/non-repeating-char-1.0.0.tgz",
      "integrity": "sha512-IDzJVXgU/2oYLwJWR3UcByIdDbGur6SZmuzCmeHuJNTBT3/JfWUc0G7y6wCgYJRIFMfzT7k9WdrpsYEdPWfbBQ=="
    }
  }
}
